// !$*UTF8*$!
{
	archiveVersion = 1;
	classes = {
	};
	objectVersion = 46;
	objects = {

/* Begin PBXBuildFile section */
		30F253D9446FF6DE08763C90 /* Pods_WorldpackersTests.framework in Frameworks */ = {isa = PBXBuildFile; fileRef = FF5361B1341DD35A18086B5C /* Pods_WorldpackersTests.framework */; };
		CC5C92DFAB1A7E278E735772 /* Pods_Worldpackers.framework in Frameworks */ = {isa = PBXBuildFile; fileRef = 98EC98E42CE7887337F746DD /* Pods_Worldpackers.framework */; };
		F29F4C1A1E1290B800A4E5BF /* AppDelegate.swift in Sources */ = {isa = PBXBuildFile; fileRef = F29F4C191E1290B800A4E5BF /* AppDelegate.swift */; };
		F29F4C1F1E1290B800A4E5BF /* Main.storyboard in Resources */ = {isa = PBXBuildFile; fileRef = F29F4C1D1E1290B800A4E5BF /* Main.storyboard */; };
		F29F4C211E1290B800A4E5BF /* Assets.xcassets in Resources */ = {isa = PBXBuildFile; fileRef = F29F4C201E1290B800A4E5BF /* Assets.xcassets */; };
		F29F4C241E1290B800A4E5BF /* LaunchScreen.storyboard in Resources */ = {isa = PBXBuildFile; fileRef = F29F4C221E1290B800A4E5BF /* LaunchScreen.storyboard */; };
		F29F4C2F1E1290B800A4E5BF /* WorldpackersTests.swift in Sources */ = {isa = PBXBuildFile; fileRef = F29F4C2E1E1290B800A4E5BF /* WorldpackersTests.swift */; };
		F29F4C421E1296EF00A4E5BF /* HitService.swift in Sources */ = {isa = PBXBuildFile; fileRef = F29F4C411E1296EF00A4E5BF /* HitService.swift */; };
		F29F4C441E12974800A4E5BF /* Hit.swift in Sources */ = {isa = PBXBuildFile; fileRef = F29F4C431E12974800A4E5BF /* Hit.swift */; };
		F29F4C461E129FA100A4E5BF /* SearchViewController.swift in Sources */ = {isa = PBXBuildFile; fileRef = F29F4C451E129FA100A4E5BF /* SearchViewController.swift */; };
		F29F4C481E12AE9A00A4E5BF /* HitsTableViewController.swift in Sources */ = {isa = PBXBuildFile; fileRef = F29F4C471E12AE9A00A4E5BF /* HitsTableViewController.swift */; };
		F29F4C4A1E12AF5600A4E5BF /* HitTableViewCell.swift in Sources */ = {isa = PBXBuildFile; fileRef = F29F4C491E12AF5600A4E5BF /* HitTableViewCell.swift */; };
		F29F4C4C1E12AFBD00A4E5BF /* HitTableViewController+HitServiceProtocol.swift in Sources */ = {isa = PBXBuildFile; fileRef = F29F4C4B1E12AFBD00A4E5BF /* HitTableViewController+HitServiceProtocol.swift */; };
/* End PBXBuildFile section */

/* Begin PBXContainerItemProxy section */
		F29F4C2B1E1290B800A4E5BF /* PBXContainerItemProxy */ = {
			isa = PBXContainerItemProxy;
			containerPortal = F29F4C0E1E1290B800A4E5BF /* Project object */;
			proxyType = 1;
			remoteGlobalIDString = F29F4C151E1290B800A4E5BF;
			remoteInfo = Worldpackers;
		};
/* End PBXContainerItemProxy section */

/* Begin PBXFileReference section */
		24F5B09443E0F36E812E45AC /* Pods-WorldpackersTests.debug.xcconfig */ = {isa = PBXFileReference; includeInIndex = 1; lastKnownFileType = text.xcconfig; name = "Pods-WorldpackersTests.debug.xcconfig"; path = "Pods/Target Support Files/Pods-WorldpackersTests/Pods-WorldpackersTests.debug.xcconfig"; sourceTree = "<group>"; };
		50991EFD2E58F730692C88FA /* Pods-Worldpackers.debug.xcconfig */ = {isa = PBXFileReference; includeInIndex = 1; lastKnownFileType = text.xcconfig; name = "Pods-Worldpackers.debug.xcconfig"; path = "Pods/Target Support Files/Pods-Worldpackers/Pods-Worldpackers.debug.xcconfig"; sourceTree = "<group>"; };
		98EC98E42CE7887337F746DD /* Pods_Worldpackers.framework */ = {isa = PBXFileReference; explicitFileType = wrapper.framework; includeInIndex = 0; path = Pods_Worldpackers.framework; sourceTree = BUILT_PRODUCTS_DIR; };
		F29F4C161E1290B800A4E5BF /* Worldpackers.app */ = {isa = PBXFileReference; explicitFileType = wrapper.application; includeInIndex = 0; path = Worldpackers.app; sourceTree = BUILT_PRODUCTS_DIR; };
		F29F4C191E1290B800A4E5BF /* AppDelegate.swift */ = {isa = PBXFileReference; lastKnownFileType = sourcecode.swift; path = AppDelegate.swift; sourceTree = "<group>"; };
		F29F4C1E1E1290B800A4E5BF /* Base */ = {isa = PBXFileReference; lastKnownFileType = file.storyboard; name = Base; path = Base.lproj/Main.storyboard; sourceTree = "<group>"; };
		F29F4C201E1290B800A4E5BF /* Assets.xcassets */ = {isa = PBXFileReference; lastKnownFileType = folder.assetcatalog; path = Assets.xcassets; sourceTree = "<group>"; };
		F29F4C231E1290B800A4E5BF /* Base */ = {isa = PBXFileReference; lastKnownFileType = file.storyboard; name = Base; path = Base.lproj/LaunchScreen.storyboard; sourceTree = "<group>"; };
		F29F4C251E1290B800A4E5BF /* Info.plist */ = {isa = PBXFileReference; lastKnownFileType = text.plist.xml; path = Info.plist; sourceTree = "<group>"; };
		F29F4C2A1E1290B800A4E5BF /* WorldpackersTests.xctest */ = {isa = PBXFileReference; explicitFileType = wrapper.cfbundle; includeInIndex = 0; path = WorldpackersTests.xctest; sourceTree = BUILT_PRODUCTS_DIR; };
		F29F4C2E1E1290B800A4E5BF /* WorldpackersTests.swift */ = {isa = PBXFileReference; lastKnownFileType = sourcecode.swift; path = WorldpackersTests.swift; sourceTree = "<group>"; };
		F29F4C301E1290B800A4E5BF /* Info.plist */ = {isa = PBXFileReference; lastKnownFileType = text.plist.xml; path = Info.plist; sourceTree = "<group>"; };
		F29F4C411E1296EF00A4E5BF /* HitService.swift */ = {isa = PBXFileReference; fileEncoding = 4; lastKnownFileType = sourcecode.swift; name = HitService.swift; path = network/HitService.swift; sourceTree = "<group>"; };
		F29F4C431E12974800A4E5BF /* Hit.swift */ = {isa = PBXFileReference; fileEncoding = 4; lastKnownFileType = sourcecode.swift; name = Hit.swift; path = model/Hit.swift; sourceTree = "<group>"; };
		F29F4C451E129FA100A4E5BF /* SearchViewController.swift */ = {isa = PBXFileReference; fileEncoding = 4; lastKnownFileType = sourcecode.swift; name = SearchViewController.swift; path = viewcontroller/SearchViewController.swift; sourceTree = "<group>"; };
		F29F4C471E12AE9A00A4E5BF /* HitsTableViewController.swift */ = {isa = PBXFileReference; fileEncoding = 4; lastKnownFileType = sourcecode.swift; name = HitsTableViewController.swift; path = viewcontroller/HitsTableViewController.swift; sourceTree = "<group>"; };
		F29F4C491E12AF5600A4E5BF /* HitTableViewCell.swift */ = {isa = PBXFileReference; fileEncoding = 4; lastKnownFileType = sourcecode.swift; name = HitTableViewCell.swift; path = view/HitTableViewCell.swift; sourceTree = "<group>"; };
		F29F4C4B1E12AFBD00A4E5BF /* HitTableViewController+HitServiceProtocol.swift */ = {isa = PBXFileReference; fileEncoding = 4; lastKnownFileType = sourcecode.swift; name = "HitTableViewController+HitServiceProtocol.swift"; path = "viewcontroller/HitTableViewController+HitServiceProtocol.swift"; sourceTree = "<group>"; };
		FA193A48D2CE37A36EDD81EF /* Pods-Worldpackers.release.xcconfig */ = {isa = PBXFileReference; includeInIndex = 1; lastKnownFileType = text.xcconfig; name = "Pods-Worldpackers.release.xcconfig"; path = "Pods/Target Support Files/Pods-Worldpackers/Pods-Worldpackers.release.xcconfig"; sourceTree = "<group>"; };
		FF5361B1341DD35A18086B5C /* Pods_WorldpackersTests.framework */ = {isa = PBXFileReference; explicitFileType = wrapper.framework; includeInIndex = 0; path = Pods_WorldpackersTests.framework; sourceTree = BUILT_PRODUCTS_DIR; };
		FFD62D115F8E0538071D7849 /* Pods-WorldpackersTests.release.xcconfig */ = {isa = PBXFileReference; includeInIndex = 1; lastKnownFileType = text.xcconfig; name = "Pods-WorldpackersTests.release.xcconfig"; path = "Pods/Target Support Files/Pods-WorldpackersTests/Pods-WorldpackersTests.release.xcconfig"; sourceTree = "<group>"; };
/* End PBXFileReference section */

/* Begin PBXFrameworksBuildPhase section */
		F29F4C131E1290B800A4E5BF /* Frameworks */ = {
			isa = PBXFrameworksBuildPhase;
			buildActionMask = 2147483647;
			files = (
				CC5C92DFAB1A7E278E735772 /* Pods_Worldpackers.framework in Frameworks */,
			);
			runOnlyForDeploymentPostprocessing = 0;
		};
		F29F4C271E1290B800A4E5BF /* Frameworks */ = {
			isa = PBXFrameworksBuildPhase;
			buildActionMask = 2147483647;
			files = (
				30F253D9446FF6DE08763C90 /* Pods_WorldpackersTests.framework in Frameworks */,
			);
			runOnlyForDeploymentPostprocessing = 0;
		};
/* End PBXFrameworksBuildPhase section */

/* Begin PBXGroup section */
		12B7D150883DC18149967857 /* Frameworks */ = {
			isa = PBXGroup;
			children = (
				98EC98E42CE7887337F746DD /* Pods_Worldpackers.framework */,
				FF5361B1341DD35A18086B5C /* Pods_WorldpackersTests.framework */,
			);
			name = Frameworks;
			sourceTree = "<group>";
		};
		3C6B452A08558FE9CB98C330 /* Pods */ = {
			isa = PBXGroup;
			children = (
				50991EFD2E58F730692C88FA /* Pods-Worldpackers.debug.xcconfig */,
				FA193A48D2CE37A36EDD81EF /* Pods-Worldpackers.release.xcconfig */,
				24F5B09443E0F36E812E45AC /* Pods-WorldpackersTests.debug.xcconfig */,
				FFD62D115F8E0538071D7849 /* Pods-WorldpackersTests.release.xcconfig */,
			);
			name = Pods;
			sourceTree = "<group>";
		};
		F29F4C0D1E1290B800A4E5BF = {
			isa = PBXGroup;
			children = (
				F29F4C181E1290B800A4E5BF /* Worldpackers */,
				F29F4C2D1E1290B800A4E5BF /* WorldpackersTests */,
				F29F4C171E1290B800A4E5BF /* Products */,
				3C6B452A08558FE9CB98C330 /* Pods */,
				12B7D150883DC18149967857 /* Frameworks */,
			);
			sourceTree = "<group>";
		};
		F29F4C171E1290B800A4E5BF /* Products */ = {
			isa = PBXGroup;
			children = (
				F29F4C161E1290B800A4E5BF /* Worldpackers.app */,
				F29F4C2A1E1290B800A4E5BF /* WorldpackersTests.xctest */,
			);
			name = Products;
			sourceTree = "<group>";
		};
		F29F4C181E1290B800A4E5BF /* Worldpackers */ = {
			isa = PBXGroup;
			children = (
				F29F4C3C1E12964A00A4E5BF /* viewcontroller */,
				F29F4C3B1E12964600A4E5BF /* view */,
				F29F4C3A1E12962400A4E5BF /* model */,
				F29F4C391E12961C00A4E5BF /* network */,
				F29F4C191E1290B800A4E5BF /* AppDelegate.swift */,
				F29F4C1D1E1290B800A4E5BF /* Main.storyboard */,
				F29F4C201E1290B800A4E5BF /* Assets.xcassets */,
				F29F4C221E1290B800A4E5BF /* LaunchScreen.storyboard */,
				F29F4C251E1290B800A4E5BF /* Info.plist */,
			);
			path = Worldpackers;
			sourceTree = "<group>";
		};
		F29F4C2D1E1290B800A4E5BF /* WorldpackersTests */ = {
			isa = PBXGroup;
			children = (
				F29F4C2E1E1290B800A4E5BF /* WorldpackersTests.swift */,
				F29F4C301E1290B800A4E5BF /* Info.plist */,
			);
			path = WorldpackersTests;
			sourceTree = "<group>";
		};
		F29F4C391E12961C00A4E5BF /* network */ = {
			isa = PBXGroup;
			children = (
				F29F4C411E1296EF00A4E5BF /* HitService.swift */,
			);
			name = network;
			sourceTree = "<group>";
		};
		F29F4C3A1E12962400A4E5BF /* model */ = {
			isa = PBXGroup;
			children = (
				F29F4C431E12974800A4E5BF /* Hit.swift */,
			);
			name = model;
			sourceTree = "<group>";
		};
		F29F4C3B1E12964600A4E5BF /* view */ = {
			isa = PBXGroup;
			children = (
				F29F4C491E12AF5600A4E5BF /* HitTableViewCell.swift */,
			);
			name = view;
			sourceTree = "<group>";
		};
		F29F4C3C1E12964A00A4E5BF /* viewcontroller */ = {
			isa = PBXGroup;
			children = (
				F29F4C451E129FA100A4E5BF /* SearchViewController.swift */,
				F29F4C471E12AE9A00A4E5BF /* HitsTableViewController.swift */,
				F29F4C4B1E12AFBD00A4E5BF /* HitTableViewController+HitServiceProtocol.swift */,
			);
			name = viewcontroller;
			sourceTree = "<group>";
		};
/* End PBXGroup section */

/* Begin PBXNativeTarget section */
		F29F4C151E1290B800A4E5BF /* Worldpackers */ = {
			isa = PBXNativeTarget;
			buildConfigurationList = F29F4C331E1290B800A4E5BF /* Build configuration list for PBXNativeTarget "Worldpackers" */;
			buildPhases = (
				2EA68243E2EFA04C910FEE15 /* [CP] Check Pods Manifest.lock */,
				F29F4C121E1290B800A4E5BF /* Sources */,
				F29F4C131E1290B800A4E5BF /* Frameworks */,
				F29F4C141E1290B800A4E5BF /* Resources */,
				2B8445536EB536BE0F8CA0EB /* [CP] Embed Pods Frameworks */,
				32BB190820AD8BFC8F34DC67 /* [CP] Copy Pods Resources */,
			);
			buildRules = (
			);
			dependencies = (
			);
			name = Worldpackers;
			productName = Worldpackers;
			productReference = F29F4C161E1290B800A4E5BF /* Worldpackers.app */;
			productType = "com.apple.product-type.application";
		};
		F29F4C291E1290B800A4E5BF /* WorldpackersTests */ = {
			isa = PBXNativeTarget;
			buildConfigurationList = F29F4C361E1290B800A4E5BF /* Build configuration list for PBXNativeTarget "WorldpackersTests" */;
			buildPhases = (
				F0027FD01D402E917B6E5AA8 /* [CP] Check Pods Manifest.lock */,
				F29F4C261E1290B800A4E5BF /* Sources */,
				F29F4C271E1290B800A4E5BF /* Frameworks */,
				F29F4C281E1290B800A4E5BF /* Resources */,
				6C22BD98ABED51BD8E0102E2 /* [CP] Embed Pods Frameworks */,
				1683BE3F2B9C63417D9DBFBD /* [CP] Copy Pods Resources */,
			);
			buildRules = (
			);
			dependencies = (
				F29F4C2C1E1290B800A4E5BF /* PBXTargetDependency */,
			);
			name = WorldpackersTests;
			productName = WorldpackersTests;
			productReference = F29F4C2A1E1290B800A4E5BF /* WorldpackersTests.xctest */;
			productType = "com.apple.product-type.bundle.unit-test";
		};
/* End PBXNativeTarget section */

/* Begin PBXProject section */
		F29F4C0E1E1290B800A4E5BF /* Project object */ = {
			isa = PBXProject;
			attributes = {
				LastSwiftUpdateCheck = 0820;
				LastUpgradeCheck = 0820;
				ORGANIZATIONNAME = "Humberto Vieira";
				TargetAttributes = {
					F29F4C151E1290B800A4E5BF = {
						CreatedOnToolsVersion = 8.2;
						DevelopmentTeam = LCZDDBK62C;
						LastSwiftMigration = 0820;
						ProvisioningStyle = Automatic;
					};
					F29F4C291E1290B800A4E5BF = {
						CreatedOnToolsVersion = 8.2;
						DevelopmentTeam = 7SCH5Y74F7;
						LastSwiftMigration = 0820;
						ProvisioningStyle = Automatic;
						TestTargetID = F29F4C151E1290B800A4E5BF;
					};
				};
			};
			buildConfigurationList = F29F4C111E1290B800A4E5BF /* Build configuration list for PBXProject "Worldpackers" */;
			compatibilityVersion = "Xcode 3.2";
			developmentRegion = English;
			hasScannedForEncodings = 0;
			knownRegions = (
				en,
				Base,
			);
			mainGroup = F29F4C0D1E1290B800A4E5BF;
			productRefGroup = F29F4C171E1290B800A4E5BF /* Products */;
			projectDirPath = "";
			projectRoot = "";
			targets = (
				F29F4C151E1290B800A4E5BF /* Worldpackers */,
				F29F4C291E1290B800A4E5BF /* WorldpackersTests */,
			);
		};
/* End PBXProject section */

/* Begin PBXResourcesBuildPhase section */
		F29F4C141E1290B800A4E5BF /* Resources */ = {
			isa = PBXResourcesBuildPhase;
			buildActionMask = 2147483647;
			files = (
				F29F4C241E1290B800A4E5BF /* LaunchScreen.storyboard in Resources */,
				F29F4C211E1290B800A4E5BF /* Assets.xcassets in Resources */,
				F29F4C1F1E1290B800A4E5BF /* Main.storyboard in Resources */,
			);
			runOnlyForDeploymentPostprocessing = 0;
		};
		F29F4C281E1290B800A4E5BF /* Resources */ = {
			isa = PBXResourcesBuildPhase;
			buildActionMask = 2147483647;
			files = (
			);
			runOnlyForDeploymentPostprocessing = 0;
		};
/* End PBXResourcesBuildPhase section */

/* Begin PBXShellScriptBuildPhase section */
		1683BE3F2B9C63417D9DBFBD /* [CP] Copy Pods Resources */ = {
			isa = PBXShellScriptBuildPhase;
			buildActionMask = 2147483647;
			files = (
			);
			inputPaths = (
			);
			name = "[CP] Copy Pods Resources";
			outputPaths = (
			);
			runOnlyForDeploymentPostprocessing = 0;
			shellPath = /bin/sh;
			shellScript = "\"${SRCROOT}/Pods/Target Support Files/Pods-WorldpackersTests/Pods-WorldpackersTests-resources.sh\"\n";
			showEnvVarsInLog = 0;
		};
		2B8445536EB536BE0F8CA0EB /* [CP] Embed Pods Frameworks */ = {
			isa = PBXShellScriptBuildPhase;
			buildActionMask = 2147483647;
			files = (
			);
			inputPaths = (
			);
			name = "[CP] Embed Pods Frameworks";
			outputPaths = (
			);
			runOnlyForDeploymentPostprocessing = 0;
			shellPath = /bin/sh;
			shellScript = "\"${SRCROOT}/Pods/Target Support Files/Pods-Worldpackers/Pods-Worldpackers-frameworks.sh\"\n";
			showEnvVarsInLog = 0;
		};
		2EA68243E2EFA04C910FEE15 /* [CP] Check Pods Manifest.lock */ = {
			isa = PBXShellScriptBuildPhase;
			buildActionMask = 2147483647;
			files = (
			);
			inputPaths = (
			);
			name = "[CP] Check Pods Manifest.lock";
			outputPaths = (
			);
			runOnlyForDeploymentPostprocessing = 0;
			shellPath = /bin/sh;
			shellScript = "diff \"${PODS_ROOT}/../Podfile.lock\" \"${PODS_ROOT}/Manifest.lock\" > /dev/null\nif [[ $? != 0 ]] ; then\n    cat << EOM\nerror: The sandbox is not in sync with the Podfile.lock. Run 'pod install' or update your CocoaPods installation.\nEOM\n    exit 1\nfi\n";
			showEnvVarsInLog = 0;
		};
		32BB190820AD8BFC8F34DC67 /* [CP] Copy Pods Resources */ = {
			isa = PBXShellScriptBuildPhase;
			buildActionMask = 2147483647;
			files = (
			);
			inputPaths = (
			);
			name = "[CP] Copy Pods Resources";
			outputPaths = (
			);
			runOnlyForDeploymentPostprocessing = 0;
			shellPath = /bin/sh;
			shellScript = "\"${SRCROOT}/Pods/Target Support Files/Pods-Worldpackers/Pods-Worldpackers-resources.sh\"\n";
			showEnvVarsInLog = 0;
		};
		6C22BD98ABED51BD8E0102E2 /* [CP] Embed Pods Frameworks */ = {
			isa = PBXShellScriptBuildPhase;
			buildActionMask = 2147483647;
			files = (
			);
			inputPaths = (
			);
			name = "[CP] Embed Pods Frameworks";
			outputPaths = (
			);
			runOnlyForDeploymentPostprocessing = 0;
			shellPath = /bin/sh;
			shellScript = "\"${SRCROOT}/Pods/Target Support Files/Pods-WorldpackersTests/Pods-WorldpackersTests-frameworks.sh\"\n";
			showEnvVarsInLog = 0;
		};
		F0027FD01D402E917B6E5AA8 /* [CP] Check Pods Manifest.lock */ = {
			isa = PBXShellScriptBuildPhase;
			buildActionMask = 2147483647;
			files = (
			);
			inputPaths = (
			);
			name = "[CP] Check Pods Manifest.lock";
			outputPaths = (
			);
			runOnlyForDeploymentPostprocessing = 0;
			shellPath = /bin/sh;
			shellScript = "diff \"${PODS_ROOT}/../Podfile.lock\" \"${PODS_ROOT}/Manifest.lock\" > /dev/null\nif [[ $? != 0 ]] ; then\n    cat << EOM\nerror: The sandbox is not in sync with the Podfile.lock. Run 'pod install' or update your CocoaPods installation.\nEOM\n    exit 1\nfi\n";
			showEnvVarsInLog = 0;
		};
/* End PBXShellScriptBuildPhase section */

/* Begin PBXSourcesBuildPhase section */
		F29F4C121E1290B800A4E5BF /* Sources */ = {
			isa = PBXSourcesBuildPhase;
			buildActionMask = 2147483647;
			files = (
				F29F4C481E12AE9A00A4E5BF /* HitsTableViewController.swift in Sources */,
				F29F4C461E129FA100A4E5BF /* SearchViewController.swift in Sources */,
				F29F4C441E12974800A4E5BF /* Hit.swift in Sources */,
				F29F4C4A1E12AF5600A4E5BF /* HitTableViewCell.swift in Sources */,
				F29F4C4C1E12AFBD00A4E5BF /* HitTableViewController+HitServiceProtocol.swift in Sources */,
				F29F4C1A1E1290B800A4E5BF /* AppDelegate.swift in Sources */,
				F29F4C421E1296EF00A4E5BF /* HitService.swift in Sources */,
			);
			runOnlyForDeploymentPostprocessing = 0;
		};
		F29F4C261E1290B800A4E5BF /* Sources */ = {
			isa = PBXSourcesBuildPhase;
			buildActionMask = 2147483647;
			files = (
				F29F4C2F1E1290B800A4E5BF /* WorldpackersTests.swift in Sources */,
			);
			runOnlyForDeploymentPostprocessing = 0;
		};
/* End PBXSourcesBuildPhase section */

/* Begin PBXTargetDependency section */
		F29F4C2C1E1290B800A4E5BF /* PBXTargetDependency */ = {
			isa = PBXTargetDependency;
			target = F29F4C151E1290B800A4E5BF /* Worldpackers */;
			targetProxy = F29F4C2B1E1290B800A4E5BF /* PBXContainerItemProxy */;
		};
/* End PBXTargetDependency section */

/* Begin PBXVariantGroup section */
		F29F4C1D1E1290B800A4E5BF /* Main.storyboard */ = {
			isa = PBXVariantGroup;
			children = (
				F29F4C1E1E1290B800A4E5BF /* Base */,
			);
			name = Main.storyboard;
			sourceTree = "<group>";
		};
		F29F4C221E1290B800A4E5BF /* LaunchScreen.storyboard */ = {
			isa = PBXVariantGroup;
			children = (
				F29F4C231E1290B800A4E5BF /* Base */,
			);
			name = LaunchScreen.storyboard;
			sourceTree = "<group>";
		};
/* End PBXVariantGroup section */

/* Begin XCBuildConfiguration section */
		F29F4C311E1290B800A4E5BF /* Debug */ = {
			isa = XCBuildConfiguration;
			buildSettings = {
				ALWAYS_SEARCH_USER_PATHS = NO;
				CLANG_ANALYZER_NONNULL = YES;
				CLANG_CXX_LANGUAGE_STANDARD = "gnu++0x";
				CLANG_CXX_LIBRARY = "libc++";
				CLANG_ENABLE_MODULES = YES;
				CLANG_ENABLE_OBJC_ARC = YES;
				CLANG_WARN_BOOL_CONVERSION = YES;
				CLANG_WARN_CONSTANT_CONVERSION = YES;
				CLANG_WARN_DIRECT_OBJC_ISA_USAGE = YES_ERROR;
				CLANG_WARN_DOCUMENTATION_COMMENTS = YES;
				CLANG_WARN_EMPTY_BODY = YES;
				CLANG_WARN_ENUM_CONVERSION = YES;
				CLANG_WARN_INFINITE_RECURSION = YES;
				CLANG_WARN_INT_CONVERSION = YES;
				CLANG_WARN_OBJC_ROOT_CLASS = YES_ERROR;
				CLANG_WARN_SUSPICIOUS_MOVE = YES;
				CLANG_WARN_UNREACHABLE_CODE = YES;
				CLANG_WARN__DUPLICATE_METHOD_MATCH = YES;
				"CODE_SIGN_IDENTITY[sdk=iphoneos*]" = "iPhone Developer";
				COPY_PHASE_STRIP = NO;
				DEBUG_INFORMATION_FORMAT = dwarf;
				ENABLE_STRICT_OBJC_MSGSEND = YES;
				ENABLE_TESTABILITY = YES;
				GCC_C_LANGUAGE_STANDARD = gnu99;
				GCC_DYNAMIC_NO_PIC = NO;
				GCC_NO_COMMON_BLOCKS = YES;
				GCC_OPTIMIZATION_LEVEL = 0;
				GCC_PREPROCESSOR_DEFINITIONS = (
					"DEBUG=1",
					"$(inherited)",
				);
				GCC_WARN_64_TO_32_BIT_CONVERSION = YES;
				GCC_WARN_ABOUT_RETURN_TYPE = YES_ERROR;
				GCC_WARN_UNDECLARED_SELECTOR = YES;
				GCC_WARN_UNINITIALIZED_AUTOS = YES_AGGRESSIVE;
				GCC_WARN_UNUSED_FUNCTION = YES;
				GCC_WARN_UNUSED_VARIABLE = YES;
				IPHONEOS_DEPLOYMENT_TARGET = 10.2;
				MTL_ENABLE_DEBUG_INFO = YES;
				ONLY_ACTIVE_ARCH = YES;
				SDKROOT = iphoneos;
				SWIFT_ACTIVE_COMPILATION_CONDITIONS = DEBUG;
				SWIFT_OPTIMIZATION_LEVEL = "-Onone";
				TARGETED_DEVICE_FAMILY = "1,2";
			};
			name = Debug;
		};
		F29F4C321E1290B800A4E5BF /* Release */ = {
			isa = XCBuildConfiguration;
			buildSettings = {
				ALWAYS_SEARCH_USER_PATHS = NO;
				CLANG_ANALYZER_NONNULL = YES;
				CLANG_CXX_LANGUAGE_STANDARD = "gnu++0x";
				CLANG_CXX_LIBRARY = "libc++";
				CLANG_ENABLE_MODULES = YES;
				CLANG_ENABLE_OBJC_ARC = YES;
				CLANG_WARN_BOOL_CONVERSION = YES;
				CLANG_WARN_CONSTANT_CONVERSION = YES;
				CLANG_WARN_DIRECT_OBJC_ISA_USAGE = YES_ERROR;
				CLANG_WARN_DOCUMENTATION_COMMENTS = YES;
				CLANG_WARN_EMPTY_BODY = YES;
				CLANG_WARN_ENUM_CONVERSION = YES;
				CLANG_WARN_INFINITE_RECURSION = YES;
				CLANG_WARN_INT_CONVERSION = YES;
				CLANG_WARN_OBJC_ROOT_CLASS = YES_ERROR;
				CLANG_WARN_SUSPICIOUS_MOVE = YES;
				CLANG_WARN_UNREACHABLE_CODE = YES;
				CLANG_WARN__DUPLICATE_METHOD_MATCH = YES;
				"CODE_SIGN_IDENTITY[sdk=iphoneos*]" = "iPhone Developer";
				COPY_PHASE_STRIP = NO;
				DEBUG_INFORMATION_FORMAT = "dwarf-with-dsym";
				ENABLE_NS_ASSERTIONS = NO;
				ENABLE_STRICT_OBJC_MSGSEND = YES;
				GCC_C_LANGUAGE_STANDARD = gnu99;
				GCC_NO_COMMON_BLOCKS = YES;
				GCC_WARN_64_TO_32_BIT_CONVERSION = YES;
				GCC_WARN_ABOUT_RETURN_TYPE = YES_ERROR;
				GCC_WARN_UNDECLARED_SELECTOR = YES;
				GCC_WARN_UNINITIALIZED_AUTOS = YES_AGGRESSIVE;
				GCC_WARN_UNUSED_FUNCTION = YES;
				GCC_WARN_UNUSED_VARIABLE = YES;
				IPHONEOS_DEPLOYMENT_TARGET = 10.2;
				MTL_ENABLE_DEBUG_INFO = NO;
				SDKROOT = iphoneos;
				SWIFT_OPTIMIZATION_LEVEL = "-Owholemodule";
				TARGETED_DEVICE_FAMILY = "1,2";
				VALIDATE_PRODUCT = YES;
			};
			name = Release;
		};
		F29F4C341E1290B800A4E5BF /* Debug */ = {
			isa = XCBuildConfiguration;
			baseConfigurationReference = 50991EFD2E58F730692C88FA /* Pods-Worldpackers.debug.xcconfig */;
			buildSettings = {
				ASSETCATALOG_COMPILER_APPICON_NAME = AppIcon;
				DEVELOPMENT_TEAM = LCZDDBK62C;
				INFOPLIST_FILE = Worldpackers/Info.plist;
				LD_RUNPATH_SEARCH_PATHS = "$(inherited) @executable_path/Frameworks";
				PRODUCT_BUNDLE_IDENTIFIER = br.com.afrodev.Worldpackers;
				PRODUCT_NAME = "$(TARGET_NAME)";
				SWIFT_VERSION = 3.0;
			};
			name = Debug;
		};
		F29F4C351E1290B800A4E5BF /* Release */ = {
			isa = XCBuildConfiguration;
			baseConfigurationReference = FA193A48D2CE37A36EDD81EF /* Pods-Worldpackers.release.xcconfig */;
			buildSettings = {
				ASSETCATALOG_COMPILER_APPICON_NAME = AppIcon;
				DEVELOPMENT_TEAM = LCZDDBK62C;
				INFOPLIST_FILE = Worldpackers/Info.plist;
				LD_RUNPATH_SEARCH_PATHS = "$(inherited) @executable_path/Frameworks";
				PRODUCT_BUNDLE_IDENTIFIER = br.com.afrodev.Worldpackers;
				PRODUCT_NAME = "$(TARGET_NAME)";
				SWIFT_VERSION = 3.0;
			};
			name = Release;
		};
		F29F4C371E1290B800A4E5BF /* Debug */ = {
			isa = XCBuildConfiguration;
			baseConfigurationReference = 24F5B09443E0F36E812E45AC /* Pods-WorldpackersTests.debug.xcconfig */;
			buildSettings = {
				ALWAYS_EMBED_SWIFT_STANDARD_LIBRARIES = YES;
				BUNDLE_LOADER = "$(TEST_HOST)";
				DEVELOPMENT_TEAM = 7SCH5Y74F7;
				INFOPLIST_FILE = WorldpackersTests/Info.plist;
				LD_RUNPATH_SEARCH_PATHS = "$(inherited) @executable_path/Frameworks @loader_path/Frameworks";
				PRODUCT_BUNDLE_IDENTIFIER = br.com.afrodev.WorldpackersTests;
				PRODUCT_NAME = "$(TARGET_NAME)";
				SWIFT_VERSION = 3.0;
				TEST_HOST = "$(BUILT_PRODUCTS_DIR)/Worldpackers.app/Worldpackers";
			};
			name = Debug;
		};
		F29F4C381E1290B800A4E5BF /* Release */ = {
			isa = XCBuildConfiguration;
			baseConfigurationReference = FFD62D115F8E0538071D7849 /* Pods-WorldpackersTests.release.xcconfig */;
			buildSettings = {
				ALWAYS_EMBED_SWIFT_STANDARD_LIBRARIES = YES;
				BUNDLE_LOADER = "$(TEST_HOST)";
				DEVELOPMENT_TEAM = 7SCH5Y74F7;
				INFOPLIST_FILE = WorldpackersTests/Info.plist;
				LD_RUNPATH_SEARCH_PATHS = "$(inherited) @executable_path/Frameworks @loader_path/Frameworks";
				PRODUCT_BUNDLE_IDENTIFIER = br.com.afrodev.WorldpackersTests;
				PRODUCT_NAME = "$(TARGET_NAME)";
				SWIFT_VERSION = 3.0;
				TEST_HOST = "$(BUILT_PRODUCTS_DIR)/Worldpackers.app/Worldpackers";
			};
			name = Release;
		};
/* End XCBuildConfiguration section */

/* Begin XCConfigurationList section */
		F29F4C111E1290B800A4E5BF /* Build configuration list for PBXProject "Worldpackers" */ = {
			isa = XCConfigurationList;
			buildConfigurations = (
				F29F4C311E1290B800A4E5BF /* Debug */,
				F29F4C321E1290B800A4E5BF /* Release */,
			);
			defaultConfigurationIsVisible = 0;
			defaultConfigurationName = Release;
		};
		F29F4C331E1290B800A4E5BF /* Build configuration list for PBXNativeTarget "Worldpackers" */ = {
			isa = XCConfigurationList;
			buildConfigurations = (
				F29F4C341E1290B800A4E5BF /* Debug */,
				F29F4C351E1290B800A4E5BF /* Release */,
			);
			defaultConfigurationIsVisible = 0;
			defaultConfigurationName = Release;
		};
		F29F4C361E1290B800A4E5BF /* Build configuration list for PBXNativeTarget "WorldpackersTests" */ = {
			isa = XCConfigurationList;
			buildConfigurations = (
				F29F4C371E1290B800A4E5BF /* Debug */,
				F29F4C381E1290B800A4E5BF /* Release */,
			);
			defaultConfigurationIsVisible = 0;
			defaultConfigurationName = Release;
		};
/* End XCConfigurationList section */
	};
	rootObject = F29F4C0E1E1290B800A4E5BF /* Project object */;
}
